
Microsoft Visual Studio Solution File, Format Version 12.00
# Visual Studio Version 16
VisualStudioVersion = 16.0.31515.178
MinimumVisualStudioVersion = 10.0.40219.1
Project("{9A19103F-16F7-4668-BE54-9A1E7A4F7556}") = "WorkTrack.Api", "WorkTrack.Api\WorkTrack.Api.csproj", "{7667C01F-227C-4C01-ABD7-8F39A2BE7878}"
EndProject
Project("{9A19103F-16F7-4668-BE54-9A1E7A4F7556}") = "WorkTrack.Infrastructure", "WorkTrack.Infrastructure\WorkTrack.Infrastructure.csproj", "{CAC6FDCE-EACF-4877-871A-432E7BC30310}"
EndProject
Project("{9A19103F-16F7-4668-BE54-9A1E7A4F7556}") = "WorkTrack.Core", "WorkTrack.Core\WorkTrack.Core.csproj", "{4524F6C8-F007-42D8-B0D9-E2478CDA7C5C}"
EndProject
Global
	GlobalSection(SolutionConfigurationPlatforms) = preSolution
		Debug|Any CPU = Debug|Any CPU
		Release|Any CPU = Release|Any CPU
	EndGlobalSection
	GlobalSection(ProjectConfigurationPlatforms) = postSolution
		{7667C01F-227C-4C01-ABD7-8F39A2BE7878}.Debug|Any CPU.ActiveCfg = Debug|Any CPU
		{7667C01F-227C-4C01-ABD7-8F39A2BE7878}.Debug|Any CPU.Build.0 = Debug|Any CPU
		{7667C01F-227C-4C01-ABD7-8F39A2BE7878}.Release|Any CPU.ActiveCfg = Release|Any CPU
		{7667C01F-227C-4C01-ABD7-8F39A2BE7878}.Release|Any CPU.Build.0 = Release|Any CPU
		{CAC6FDCE-EACF-4877-871A-432E7BC30310}.Debug|Any CPU.ActiveCfg = Debug|Any CPU
		{CAC6FDCE-EACF-4877-871A-432E7BC30310}.Debug|Any CPU.Build.0 = Debug|Any CPU
		{CAC6FDCE-EACF-4877-871A-432E7BC30310}.Release|Any CPU.ActiveCfg = Release|Any CPU
		{CAC6FDCE-EACF-4877-871A-432E7BC30310}.Release|Any CPU.Build.0 = Release|Any CPU
		{4524F6C8-F007-42D8-B0D9-E2478CDA7C5C}.Debug|Any CPU.ActiveCfg = Debug|Any CPU
		{4524F6C8-F007-42D8-B0D9-E2478CDA7C5C}.Debug|Any CPU.Build.0 = Debug|Any CPU
		{4524F6C8-F007-42D8-B0D9-E2478CDA7C5C}.Release|Any CPU.ActiveCfg = Release|Any CPU
		{4524F6C8-F007-42D8-B0D9-E2478CDA7C5C}.Release|Any CPU.Build.0 = Release|Any CPU
	EndGlobalSection
	GlobalSection(SolutionProperties) = preSolution
		HideSolutionNode = FALSE
	EndGlobalSection
	GlobalSection(ExtensibilityGlobals) = postSolution
		SolutionGuid = {C56E068C-C3F6-4DD5-8258-37C221B9147F}
	EndGlobalSection
EndGlobal
